
Microsoft Visual Studio Solution File, Format Version 12.00
# Visual Studio 15
VisualStudioVersion = 15.0.28010.2003
MinimumVisualStudioVersion = 10.0.40219.1
Project("{FAE04EC0-301F-11D3-BF4B-00C04F79EFBC}") = "ProductWebAPI", "ProductWebAPI\ProductWebAPI.csproj", "{7A8E4942-BFC7-4A11-9072-4D1780257F2E}"
EndProject
Global
	GlobalSection(SolutionConfigurationPlatforms) = preSolution
		Debug|Any CPU = Debug|Any CPU
		Release|Any CPU = Release|Any CPU
	EndGlobalSection
	GlobalSection(ProjectConfigurationPlatforms) = postSolution
		{7A8E4942-BFC7-4A11-9072-4D1780257F2E}.Debug|Any CPU.ActiveCfg = Debug|Any CPU
		{7A8E4942-BFC7-4A11-9072-4D1780257F2E}.Debug|Any CPU.Build.0 = Debug|Any CPU
		{7A8E4942-BFC7-4A11-9072-4D1780257F2E}.Release|Any CPU.ActiveCfg = Release|Any CPU
		{7A8E4942-BFC7-4A11-9072-4D1780257F2E}.Release|Any CPU.Build.0 = Release|Any CPU
	EndGlobalSection
	GlobalSection(SolutionProperties) = preSolution
		HideSolutionNode = FALSE
	EndGlobalSection
	GlobalSection(ExtensibilityGlobals) = postSolution
		SolutionGuid = {E6202232-9611-4732-A637-1F6D3ED07908}
	EndGlobalSection
EndGlobal
